// !$*UTF8*$!
{
	archiveVersion = 1;
	classes = {
	};
	objectVersion = 46;
	objects = {

/* Begin PBXBuildFile section */
		A0D9C5921C3A6EBC00E3EE01 /* Colors.swift.h in Headers */ = {isa = PBXBuildFile; fileRef = A0D9C5911C3A6EBC00E3EE01 /* Colors.swift.h */; settings = {ATTRIBUTES = (Public, ); }; };
		A0D9C5991C3A6EBC00E3EE01 /* Colors.framework in Frameworks */ = {isa = PBXBuildFile; fileRef = A0D9C58E1C3A6EBC00E3EE01 /* Colors.framework */; };
		A0D9C59E1C3A6EBC00E3EE01 /* ColorsTests.swift in Sources */ = {isa = PBXBuildFile; fileRef = A0D9C59D1C3A6EBC00E3EE01 /* ColorsTests.swift */; };
		A0D9C5A91C3A6F1D00E3EE01 /* Colors.swift in Sources */ = {isa = PBXBuildFile; fileRef = A0D9C5A81C3A6F1D00E3EE01 /* Colors.swift */; };
/* End PBXBuildFile section */

/* Begin PBXContainerItemProxy section */
		A0D9C59A1C3A6EBC00E3EE01 /* PBXContainerItemProxy */ = {
			isa = PBXContainerItemProxy;
			containerPortal = A0D9C5851C3A6EBC00E3EE01 /* Project object */;
			proxyType = 1;
			remoteGlobalIDString = A0D9C58D1C3A6EBC00E3EE01;
			remoteInfo = Colors.swift;
		};
/* End PBXContainerItemProxy section */

/* Begin PBXFileReference section */
		A0D9C58E1C3A6EBC00E3EE01 /* Colors.framework */ = {isa = PBXFileReference; explicitFileType = wrapper.framework; includeInIndex = 0; path = Colors.framework; sourceTree = BUILT_PRODUCTS_DIR; };
		A0D9C5911C3A6EBC00E3EE01 /* Colors.swift.h */ = {isa = PBXFileReference; lastKnownFileType = sourcecode.c.h; path = Colors.swift.h; sourceTree = "<group>"; };
		A0D9C5931C3A6EBC00E3EE01 /* Info.plist */ = {isa = PBXFileReference; lastKnownFileType = text.plist.xml; path = Info.plist; sourceTree = "<group>"; };
		A0D9C5981C3A6EBC00E3EE01 /* Colors.swiftTests.xctest */ = {isa = PBXFileReference; explicitFileType = wrapper.cfbundle; includeInIndex = 0; path = Colors.swiftTests.xctest; sourceTree = BUILT_PRODUCTS_DIR; };
		A0D9C59D1C3A6EBC00E3EE01 /* ColorsTests.swift */ = {isa = PBXFileReference; lastKnownFileType = sourcecode.swift; path = ColorsTests.swift; sourceTree = "<group>"; };
		A0D9C59F1C3A6EBC00E3EE01 /* Info.plist */ = {isa = PBXFileReference; lastKnownFileType = text.plist.xml; path = Info.plist; sourceTree = "<group>"; };
		A0D9C5A81C3A6F1D00E3EE01 /* Colors.swift */ = {isa = PBXFileReference; fileEncoding = 4; lastKnownFileType = sourcecode.swift; name = Colors.swift; path = ../../Sources/Colors.swift; sourceTree = "<group>"; };
/* End PBXFileReference section */

/* Begin PBXFrameworksBuildPhase section */
		A0D9C58A1C3A6EBC00E3EE01 /* Frameworks */ = {
			isa = PBXFrameworksBuildPhase;
			buildActionMask = 2147483647;
			files = (
			);
			runOnlyForDeploymentPostprocessing = 0;
		};
		A0D9C5951C3A6EBC00E3EE01 /* Frameworks */ = {
			isa = PBXFrameworksBuildPhase;
			buildActionMask = 2147483647;
			files = (
				A0D9C5991C3A6EBC00E3EE01 /* Colors.framework in Frameworks */,
			);
			runOnlyForDeploymentPostprocessing = 0;
		};
/* End PBXFrameworksBuildPhase section */

/* Begin PBXGroup section */
		A0D9C5841C3A6EBC00E3EE01 = {
			isa = PBXGroup;
			children = (
				A0D9C5901C3A6EBC00E3EE01 /* Colors.swift */,
				A0D9C59C1C3A6EBC00E3EE01 /* Colors.swiftTests */,
				A0D9C58F1C3A6EBC00E3EE01 /* Products */,
			);
			sourceTree = "<group>";
		};
		A0D9C58F1C3A6EBC00E3EE01 /* Products */ = {
			isa = PBXGroup;
			children = (
				A0D9C58E1C3A6EBC00E3EE01 /* Colors.framework */,
				A0D9C5981C3A6EBC00E3EE01 /* Colors.swiftTests.xctest */,
			);
			name = Products;
			sourceTree = "<group>";
		};
		A0D9C5901C3A6EBC00E3EE01 /* Colors.swift */ = {
			isa = PBXGroup;
			children = (
				A0D9C5A81C3A6F1D00E3EE01 /* Colors.swift */,
				A0D9C5911C3A6EBC00E3EE01 /* Colors.swift.h */,
				A0D9C5931C3A6EBC00E3EE01 /* Info.plist */,
			);
			path = Colors.swift;
			sourceTree = "<group>";
		};
		A0D9C59C1C3A6EBC00E3EE01 /* Colors.swiftTests */ = {
			isa = PBXGroup;
			children = (
				A0D9C59D1C3A6EBC00E3EE01 /* ColorsTests.swift */,
				A0D9C59F1C3A6EBC00E3EE01 /* Info.plist */,
			);
			path = Colors.swiftTests;
			sourceTree = "<group>";
		};
/* End PBXGroup section */

/* Begin PBXHeadersBuildPhase section */
		A0D9C58B1C3A6EBC00E3EE01 /* Headers */ = {
			isa = PBXHeadersBuildPhase;
			buildActionMask = 2147483647;
			files = (
				A0D9C5921C3A6EBC00E3EE01 /* Colors.swift.h in Headers */,
			);
			runOnlyForDeploymentPostprocessing = 0;
		};
/* End PBXHeadersBuildPhase section */

/* Begin PBXNativeTarget section */
		A0D9C58D1C3A6EBC00E3EE01 /* Colors.swift */ = {
			isa = PBXNativeTarget;
			buildConfigurationList = A0D9C5A21C3A6EBC00E3EE01 /* Build configuration list for PBXNativeTarget "Colors.swift" */;
			buildPhases = (
				A0D9C5891C3A6EBC00E3EE01 /* Sources */,
				A0D9C58A1C3A6EBC00E3EE01 /* Frameworks */,
				A0D9C58B1C3A6EBC00E3EE01 /* Headers */,
				A0D9C58C1C3A6EBC00E3EE01 /* Resources */,
			);
			buildRules = (
			);
			dependencies = (
			);
			name = Colors.swift;
			productName = Colors.swift;
			productReference = A0D9C58E1C3A6EBC00E3EE01 /* Colors.framework */;
			productType = "com.apple.product-type.framework";
		};
		A0D9C5971C3A6EBC00E3EE01 /* Colors.swiftTests */ = {
			isa = PBXNativeTarget;
			buildConfigurationList = A0D9C5A51C3A6EBC00E3EE01 /* Build configuration list for PBXNativeTarget "Colors.swiftTests" */;
			buildPhases = (
				A0D9C5941C3A6EBC00E3EE01 /* Sources */,
				A0D9C5951C3A6EBC00E3EE01 /* Frameworks */,
				A0D9C5961C3A6EBC00E3EE01 /* Resources */,
			);
			buildRules = (
			);
			dependencies = (
				A0D9C59B1C3A6EBC00E3EE01 /* PBXTargetDependency */,
			);
			name = Colors.swiftTests;
			productName = Colors.swiftTests;
			productReference = A0D9C5981C3A6EBC00E3EE01 /* Colors.swiftTests.xctest */;
			productType = "com.apple.product-type.bundle.unit-test";
		};
/* End PBXNativeTarget section */

/* Begin PBXProject section */
		A0D9C5851C3A6EBC00E3EE01 /* Project object */ = {
			isa = PBXProject;
			attributes = {
				LastSwiftUpdateCheck = 0720;
				LastUpgradeCheck = 0720;
				ORGANIZATIONNAME = "Justus Kandzi";
				TargetAttributes = {
					A0D9C58D1C3A6EBC00E3EE01 = {
						CreatedOnToolsVersion = 7.2;
					};
					A0D9C5971C3A6EBC00E3EE01 = {
						CreatedOnToolsVersion = 7.2;
					};
				};
			};
			buildConfigurationList = A0D9C5881C3A6EBC00E3EE01 /* Build configuration list for PBXProject "Colors.swift" */;
			compatibilityVersion = "Xcode 3.2";
			developmentRegion = English;
			hasScannedForEncodings = 0;
			knownRegions = (
				en,
			);
			mainGroup = A0D9C5841C3A6EBC00E3EE01;
			productRefGroup = A0D9C58F1C3A6EBC00E3EE01 /* Products */;
			projectDirPath = "";
			projectRoot = "";
			targets = (
				A0D9C58D1C3A6EBC00E3EE01 /* Colors.swift */,
				A0D9C5971C3A6EBC00E3EE01 /* Colors.swiftTests */,
			);
		};
/* End PBXProject section */

/* Begin PBXResourcesBuildPhase section */
		A0D9C58C1C3A6EBC00E3EE01 /* Resources */ = {
			isa = PBXResourcesBuildPhase;
			buildActionMask = 2147483647;
			files = (
			);
			runOnlyForDeploymentPostprocessing = 0;
		};
		A0D9C5961C3A6EBC00E3EE01 /* Resources */ = {
			isa = PBXResourcesBuildPhase;
			buildActionMask = 2147483647;
			files = (
			);
			runOnlyForDeploymentPostprocessing = 0;
		};
/* End PBXResourcesBuildPhase section */

/* Begin PBXSourcesBuildPhase section */
		A0D9C5891C3A6EBC00E3EE01 /* Sources */ = {
			isa = PBXSourcesBuildPhase;
			buildActionMask = 2147483647;
			files = (
				A0D9C5A91C3A6F1D00E3EE01 /* Colors.swift in Sources */,
			);
			runOnlyForDeploymentPostprocessing = 0;
		};
		A0D9C5941C3A6EBC00E3EE01 /* Sources */ = {
			isa = PBXSourcesBuildPhase;
			buildActionMask = 2147483647;
			files = (
				A0D9C59E1C3A6EBC00E3EE01 /* ColorsTests.swift in Sources */,
			);
			runOnlyForDeploymentPostprocessing = 0;
		};
/* End PBXSourcesBuildPhase section */

/* Begin PBXTargetDependency section */
		A0D9C59B1C3A6EBC00E3EE01 /* PBXTargetDependency */ = {
			isa = PBXTargetDependency;
			target = A0D9C58D1C3A6EBC00E3EE01 /* Colors.swift */;
			targetProxy = A0D9C59A1C3A6EBC00E3EE01 /* PBXContainerItemProxy */;
		};
/* End PBXTargetDependency section */

/* Begin XCBuildConfiguration section */
		A0D9C5A01C3A6EBC00E3EE01 /* Debug */ = {
			isa = XCBuildConfiguration;
			buildSettings = {
				ALWAYS_SEARCH_USER_PATHS = NO;
				CLANG_CXX_LANGUAGE_STANDARD = "gnu++0x";
				CLANG_CXX_LIBRARY = "libc++";
				CLANG_ENABLE_MODULES = YES;
				CLANG_ENABLE_OBJC_ARC = YES;
				CLANG_WARN_BOOL_CONVERSION = YES;
				CLANG_WARN_CONSTANT_CONVERSION = YES;
				CLANG_WARN_DIRECT_OBJC_ISA_USAGE = YES_ERROR;
				CLANG_WARN_EMPTY_BODY = YES;
				CLANG_WARN_ENUM_CONVERSION = YES;
				CLANG_WARN_INT_CONVERSION = YES;
				CLANG_WARN_OBJC_ROOT_CLASS = YES_ERROR;
				CLANG_WARN_UNREACHABLE_CODE = YES;
				CLANG_WARN__DUPLICATE_METHOD_MATCH = YES;
				CODE_SIGN_IDENTITY = "-";
				COPY_PHASE_STRIP = NO;
				CURRENT_PROJECT_VERSION = 1;
				DEBUG_INFORMATION_FORMAT = dwarf;
				ENABLE_STRICT_OBJC_MSGSEND = YES;
				ENABLE_TESTABILITY = YES;
				GCC_C_LANGUAGE_STANDARD = gnu99;
				GCC_DYNAMIC_NO_PIC = NO;
				GCC_NO_COMMON_BLOCKS = YES;
				GCC_OPTIMIZATION_LEVEL = 0;
				GCC_PREPROCESSOR_DEFINITIONS = (
					"DEBUG=1",
					"$(inherited)",
				);
				GCC_WARN_64_TO_32_BIT_CONVERSION = YES;
				GCC_WARN_ABOUT_RETURN_TYPE = YES_ERROR;
				GCC_WARN_UNDECLARED_SELECTOR = YES;
				GCC_WARN_UNINITIALIZED_AUTOS = YES_AGGRESSIVE;
				GCC_WARN_UNUSED_FUNCTION = YES;
				GCC_WARN_UNUSED_VARIABLE = YES;
				MACOSX_DEPLOYMENT_TARGET = 10.11;
				MTL_ENABLE_DEBUG_INFO = YES;
				ONLY_ACTIVE_ARCH = YES;
				SDKROOT = macosx;
				SWIFT_OPTIMIZATION_LEVEL = "-Onone";
				VERSIONING_SYSTEM = "apple-generic";
				VERSION_INFO_PREFIX = "";
			};
			name = Debug;
		};
		A0D9C5A11C3A6EBC00E3EE01 /* Release */ = {
			isa = XCBuildConfiguration;
			buildSettings = {
				ALWAYS_SEARCH_USER_PATHS = NO;
				CLANG_CXX_LANGUAGE_STANDARD = "gnu++0x";
				CLANG_CXX_LIBRARY = "libc++";
				CLANG_ENABLE_MODULES = YES;
				CLANG_ENABLE_OBJC_ARC = YES;
				CLANG_WARN_BOOL_CONVERSION = YES;
				CLANG_WARN_CONSTANT_CONVERSION = YES;
				CLANG_WARN_DIRECT_OBJC_ISA_USAGE = YES_ERROR;
				CLANG_WARN_EMPTY_BODY = YES;
				CLANG_WARN_ENUM_CONVERSION = YES;
				CLANG_WARN_INT_CONVERSION = YES;
				CLANG_WARN_OBJC_ROOT_CLASS = YES_ERROR;
				CLANG_WARN_UNREACHABLE_CODE = YES;
				CLANG_WARN__DUPLICATE_METHOD_MATCH = YES;
				CODE_SIGN_IDENTITY = "-";
				COPY_PHASE_STRIP = NO;
				CURRENT_PROJECT_VERSION = 1;
				DEBUG_INFORMATION_FORMAT = "dwarf-with-dsym";
				ENABLE_NS_ASSERTIONS = NO;
				ENABLE_STRICT_OBJC_MSGSEND = YES;
				GCC_C_LANGUAGE_STANDARD = gnu99;
				GCC_NO_COMMON_BLOCKS = YES;
				GCC_WARN_64_TO_32_BIT_CONVERSION = YES;
				GCC_WARN_ABOUT_RETURN_TYPE = YES_ERROR;
				GCC_WARN_UNDECLARED_SELECTOR = YES;
				GCC_WARN_UNINITIALIZED_AUTOS = YES_AGGRESSIVE;
				GCC_WARN_UNUSED_FUNCTION = YES;
				GCC_WARN_UNUSED_VARIABLE = YES;
				MACOSX_DEPLOYMENT_TARGET = 10.11;
				MTL_ENABLE_DEBUG_INFO = NO;
				SDKROOT = macosx;
				VERSIONING_SYSTEM = "apple-generic";
				VERSION_INFO_PREFIX = "";
			};
			name = Release;
		};
		A0D9C5A31C3A6EBC00E3EE01 /* Debug */ = {
			isa = XCBuildConfiguration;
			buildSettings = {
				CLANG_ENABLE_MODULES = YES;
				COMBINE_HIDPI_IMAGES = YES;
				DEFINES_MODULE = YES;
				DYLIB_COMPATIBILITY_VERSION = 1;
				DYLIB_CURRENT_VERSION = 1;
				DYLIB_INSTALL_NAME_BASE = "@rpath";
				FRAMEWORK_VERSION = A;
				INFOPLIST_FILE = Colors.swift/Info.plist;
				INSTALL_PATH = "$(LOCAL_LIBRARY_DIR)/Frameworks";
				LD_RUNPATH_SEARCH_PATHS = "$(inherited) @executable_path/../Frameworks @loader_path/Frameworks";
				PRODUCT_BUNDLE_IDENTIFIER = "com.justuskandzi.Colors-swift";
				PRODUCT_NAME = Colors;
				SKIP_INSTALL = YES;
				SWIFT_OPTIMIZATION_LEVEL = "-Onone";
			};
			name = Debug;
		};
		A0D9C5A41C3A6EBC00E3EE01 /* Release */ = {
			isa = XCBuildConfiguration;
			buildSettings = {
				CLANG_ENABLE_MODULES = YES;
				COMBINE_HIDPI_IMAGES = YES;
				DEFINES_MODULE = YES;
				DYLIB_COMPATIBILITY_VERSION = 1;
				DYLIB_CURRENT_VERSION = 1;
				DYLIB_INSTALL_NAME_BASE = "@rpath";
				FRAMEWORK_VERSION = A;
				INFOPLIST_FILE = Colors.swift/Info.plist;
				INSTALL_PATH = "$(LOCAL_LIBRARY_DIR)/Frameworks";
				LD_RUNPATH_SEARCH_PATHS = "$(inherited) @executable_path/../Frameworks @loader_path/Frameworks";
				PRODUCT_BUNDLE_IDENTIFIER = "com.justuskandzi.Colors-swift";
				PRODUCT_NAME = Colors;
				SKIP_INSTALL = YES;
			};
			name = Release;
		};
		A0D9C5A61C3A6EBC00E3EE01 /* Debug */ = {
			isa = XCBuildConfiguration;
			buildSettings = {
				COMBINE_HIDPI_IMAGES = YES;
				INFOPLIST_FILE = Colors.swiftTests/Info.plist;
				LD_RUNPATH_SEARCH_PATHS = "$(inherited) @executable_path/../Frameworks @loader_path/../Frameworks";
				PRODUCT_BUNDLE_IDENTIFIER = "com.justuskandzi.Colors-swiftTests";
				PRODUCT_NAME = "$(TARGET_NAME)";
			};
			name = Debug;
		};
		A0D9C5A71C3A6EBC00E3EE01 /* Release */ = {
			isa = XCBuildConfiguration;
			buildSettings = {
				COMBINE_HIDPI_IMAGES = YES;
				INFOPLIST_FILE = Colors.swiftTests/Info.plist;
				LD_RUNPATH_SEARCH_PATHS = "$(inherited) @executable_path/../Frameworks @loader_path/../Frameworks";
				PRODUCT_BUNDLE_IDENTIFIER = "com.justuskandzi.Colors-swiftTests";
				PRODUCT_NAME = "$(TARGET_NAME)";
			};
			name = Release;
		};
/* End XCBuildConfiguration section */

/* Begin XCConfigurationList section */
		A0D9C5881C3A6EBC00E3EE01 /* Build configuration list for PBXProject "Colors.swift" */ = {
			isa = XCConfigurationList;
			buildConfigurations = (
				A0D9C5A01C3A6EBC00E3EE01 /* Debug */,
				A0D9C5A11C3A6EBC00E3EE01 /* Release */,
			);
			defaultConfigurationIsVisible = 0;
			defaultConfigurationName = Release;
		};
		A0D9C5A21C3A6EBC00E3EE01 /* Build configuration list for PBXNativeTarget "Colors.swift" */ = {
			isa = XCConfigurationList;
			buildConfigurations = (
				A0D9C5A31C3A6EBC00E3EE01 /* Debug */,
				A0D9C5A41C3A6EBC00E3EE01 /* Release */,
			);
			defaultConfigurationIsVisible = 0;
		};
		A0D9C5A51C3A6EBC00E3EE01 /* Build configuration list for PBXNativeTarget "Colors.swiftTests" */ = {
			isa = XCConfigurationList;
			buildConfigurations = (
				A0D9C5A61C3A6EBC00E3EE01 /* Debug */,
				A0D9C5A71C3A6EBC00E3EE01 /* Release */,
			);
			defaultConfigurationIsVisible = 0;
		};
/* End XCConfigurationList section */
	};
	rootObject = A0D9C5851C3A6EBC00E3EE01 /* Project object */;
}
